{
  "name": "async",
  "version": "1.0.0",
  "lockfileVersion": 3,
  "requires": true,
  "packages": {
    "": {
      "name": "async",
      "version": "1.0.0",
      "license": "ISC",
      "dependencies": {
        "async": "^3.2.6"
      },
      "devDependencies": {
        "@types/async": "^3.2.25",
        "typescript": "^5.9.3"
      }
    },
    "node_modules/@types/async": {
      "version": "3.2.25",
      "resolved": "https://registry.npmjs.org/@types/async/-/async-3.2.25.tgz",
      "integrity": "sha512-O6Th/DI18XjrL9TX8LO9F/g26qAz5vynmQqlXt/qLGrskvzCKXKc5/tATz3G2N6lM8eOf3M8/StB14FncAmocg==",
      "dev": true,
      "license": "MIT"
    },
    "node_modules/async": {
      "version": "3.2.6",
      "resolved": "https://registry.npmjs.org/async/-/async-3.2.6.tgz",
      "integrity": "sha512-htCUDlxyyCLMgaM3xXg0C0LW2xqfuQ6p05pCEIsXuyQ+a1koYKTuBMzRNwmybfLgvJDMd0r1LTn4+E0Ti6C2AA==",
      "license": "MIT"
    },
    "node_modules/typescript": {
      "version": "5.9.3",
      "resolved": "https://registry.npmjs.org/typescript/-/typescript-5.9.3.tgz",
      "integrity": "sha512-jl1vZzPDinLr9eUt3J/t7V6FgNEw9QjvBPdysz9KfQDD41fQrC2Y4vKQdiaUpFT4bXlb1RHhLpp8wtm6M5TgSw==",
      "dev": true,
      "license": "Apache-2.0",
      "bin": {
        "tsc": "bin/tsc",
        "tsserver": "bin/tsserver"
      },
      "engines": {
        "node": ">=14.17"
      }
    }
  }
}
